# This file is autogenerated, do not edit; changes may be undone by the next 'dep ensure'.


[[projects]]
  branch = "master"
  digest = "1:36fe9527deed01d2a317617e59304eb2c4ce9f8a24115bcc5c2e37b3aee5bae4"
  name = "github.com/gin-contrib/sse"
  packages = ["."]
  pruneopts = "UT"
  revision = "22d885f9ecc78bf4ee5d72b937e4bbcdc58e8cae"

[[projects]]
  branch = "master"
  digest = "1:0b083cff6e583f8aa119751697a6b5164f13bd26220ec04a2859473b42b9d51e"
  name = "github.com/gin-gonic/gin"
  packages = [
    ".",
    "binding",
    "internal/json",
    "render",
  ]
  pruneopts = "UT"
  revision = "fbdcbd22751c7174d4f363995fca296e4670726b"

[[projects]]
  branch = "master"
  digest = "1:9bec3fd63b48b5f0e7675647a8b49015b2b7899750b8c0c67831e87436e2cab5"
  name = "github.com/go-redis/redis"
  packages = [
    "internal",
    "internal/consistenthash",
    "internal/hashtag",
    "internal/pool",
    "internal/proto",
    "internal/singleflight",
    "internal/util",
  ]
  pruneopts = "UT"
  revision = "daf101bd7905b61ae654bc88ec1163be6914979e"

[[projects]]
  branch = "master"
  digest = "1:8715cd47fd0fa392884aab36611f25631b1540e7a21c5df171af3e397b42f302"
  name = "github.com/golang/protobuf"
  packages = ["proto"]
  pruneopts = "UT"
  revision = "ddf22928ea3c56eb4292a0adbbf5001b1e8e7d0d"

[[projects]]
  branch = "master"
  digest = "1:8d44b575d464430d321863488733d08f98b925721fff5b5f7f5011b6848ef135"
  name = "github.com/json-iterator/go"
  packages = ["."]
  pruneopts = "UT"
  revision = "2433035e513208b0f7bd5b50d0aecd889b2c1ff8"

[[projects]]
  branch = "master"
  digest = "1:8d5e9f9351b41787ba94a0c0ed4e43ca169045e254f1f4841b3c6f03c31cdc02"
  name = "github.com/mattn/go-isatty"
  packages = ["."]
  pruneopts = "UT"
  revision = "3fb116b820352b7f0c281308a4d6250c22d94e27"

[[projects]]
  digest = "1:33422d238f147d247752996a26574ac48dcf472976eda7f5134015f06bf16563"
  name = "github.com/modern-go/concurrent"
  packages = ["."]
  pruneopts = "UT"
  revision = "bacd9c7ef1dd9b15be4a9909b8ac7a4e313eec94"
  version = "1.0.3"

[[projects]]
  digest = "1:c56ad36f5722eb07926c979d5e80676ee007a9e39e7808577b9d87ec92b00460"
  name = "github.com/modern-go/reflect2"
  packages = ["."]
  pruneopts = "UT"
  revision = "94122c33edd36123c84d5368cfb2b69df93a0ec8"
  version = "v1.0.1"

[[projects]]
  branch = "master"
  digest = "1:b91567481ed6a84e7748fd253e36522a0de397dd8e4327f4b60148076b589b0e"
  name = "github.com/ugorji/go"
  packages = ["codec"]
  pruneopts = "UT"
  revision = "99ea80c8b19ad777f970258ca09c5c2d5826f0fd"

[[projects]]
  branch = "master"
  digest = "1:edb2fb2ec3013479b9195e640b8c7d17e2640f08327b0e4c80bd226afc799db5"
  name = "github.com/vharitonsky/iniflags"
  packages = ["."]
  pruneopts = "UT"
  revision = "a33cd0b5f3de9ef5e89c90ab2f1ebe3f71ad1ece"

[[projects]]
  digest = "1:e16c53d2592b2ba64d1a6da684a952bdff8815ed8b901b220fe875864b664643"
  name = "golang.org/x/sys"
  packages = ["unix"]
  pruneopts = "UT"
  revision = "b518c298ac9dc94b6ac0757394f50d10c5dfa25a"

[[projects]]
  digest = "1:cbc72c4c4886a918d6ab4b95e347ffe259846260f99ebdd8a198c2331cf2b2e9"
  name = "gopkg.in/go-playground/validator.v8"
  packages = ["."]
  pruneopts = "UT"
  revision = "5f1438d3fca68893a817e4a66806cea46a9e4ebf"
  version = "v8.18.2"

[[projects]]
  digest = "1:ae9935dc5769a994496b1b5d40a2c1ad87fabcb4b18edec27d764bec8935a427"
  name = "gopkg.in/redis.v6"
  packages = ["."]
  pruneopts = "UT"
  revision = "f3bba01df2026fc865f7782948845db9cf44cf23"
  version = "v6.14.1"

[[projects]]
  digest = "1:342378ac4dcb378a5448dd723f0784ae519383532f5e70ade24132c4c8693202"
  name = "gopkg.in/yaml.v2"
  packages = ["."]
  pruneopts = "UT"
  revision = "5420a8b6744d3b0345ab293f6fcba19c978f1183"
  version = "v2.2.1"

[solve-meta]
  analyzer-name = "dep"
  analyzer-version = 1
  input-imports = [
    "github.com/gin-gonic/gin",
    "github.com/vharitonsky/iniflags",
    "gopkg.in/redis.v6",
  ]
  solver-name = "gps-cdcl"
  solver-version = 1
